{
	"name": "@pucelle/worker-sqlite",
	"version": "1.0.0",
	"lockfileVersion": 1,
	"requires": true,
	"dependencies": {
		"@types/better-sqlite3": {
			"version": "5.4.1",
			"resolved": "https://registry.npmjs.org/@types/better-sqlite3/-/better-sqlite3-5.4.1.tgz",
			"integrity": "sha512-8hje3Rhsg/9veTkALfCwiWn7VMrP1QDwHhBSgerttYPABEvrHsMQnU9dlqoM6QX3x4uw3Y06dDVz8uDQo1J4Ng==",
			"dev": true,
			"requires": {
				"@types/integer": "*"
			}
		},
		"@types/integer": {
			"version": "1.0.1",
			"resolved": "https://registry.npmjs.org/@types/integer/-/integer-1.0.1.tgz",
			"integrity": "sha512-DmZDpSVnsuBrOhtHwE1oKmUJ3qVjHhhNQ7WnZy9/RhH3A24Ar+9o4SoaCWcTzQhalpRDIAMsfdoZLWNJtdBR7A==",
			"dev": true
		},
		"@types/node": {
			"version": "12.20.4",
			"resolved": "https://registry.npmjs.org/@types/node/-/node-12.20.4.tgz",
			"integrity": "sha512-xRCgeE0Q4pT5UZ189TJ3SpYuX/QGl6QIAOAIeDSbAVAd2gX1NxSZup4jNVK7cxIeP8KDSbJgcckun495isP1jQ==",
			"dev": true
		},
		"typescript": {
			"version": "3.9.9",
			"resolved": "https://registry.npmjs.org/typescript/-/typescript-3.9.9.tgz",
			"integrity": "sha512-kdMjTiekY+z/ubJCATUPlRDl39vXYiMV9iyeMuEuXZh2we6zz80uovNN2WlAxmmdE/Z/YQe+EbOEXB5RHEED3w==",
			"dev": true
		}
	}
}
